
Microsoft Visual Studio Solution File, Format Version 12.00
# Visual Studio Version 16
VisualStudioVersion = 16.0.29230.47
MinimumVisualStudioVersion = 10.0.40219.1
Project("{FAE04EC0-301F-11D3-BF4B-00C04F79EFBC}") = "VikingTravelsExam", "VikingTravelsExam\VikingTravelsExam.csproj", "{69AF7B32-05D8-4934-B216-565BAB5B0CFC}"
EndProject
Project("{FAE04EC0-301F-11D3-BF4B-00C04F79EFBC}") = "VikingTravelsExamTests", "VikingTravelsExamTests\VikingTravelsExamTests.csproj", "{590E5A13-58BD-4141-BEC2-330DAE067C75}"
EndProject
Global
	GlobalSection(SolutionConfigurationPlatforms) = preSolution
		Debug|Any CPU = Debug|Any CPU
		Release|Any CPU = Release|Any CPU
	EndGlobalSection
	GlobalSection(ProjectConfigurationPlatforms) = postSolution
		{69AF7B32-05D8-4934-B216-565BAB5B0CFC}.Debug|Any CPU.ActiveCfg = Debug|Any CPU
		{69AF7B32-05D8-4934-B216-565BAB5B0CFC}.Debug|Any CPU.Build.0 = Debug|Any CPU
		{69AF7B32-05D8-4934-B216-565BAB5B0CFC}.Release|Any CPU.ActiveCfg = Release|Any CPU
		{69AF7B32-05D8-4934-B216-565BAB5B0CFC}.Release|Any CPU.Build.0 = Release|Any CPU
		{590E5A13-58BD-4141-BEC2-330DAE067C75}.Debug|Any CPU.ActiveCfg = Debug|Any CPU
		{590E5A13-58BD-4141-BEC2-330DAE067C75}.Debug|Any CPU.Build.0 = Debug|Any CPU
		{590E5A13-58BD-4141-BEC2-330DAE067C75}.Release|Any CPU.ActiveCfg = Release|Any CPU
		{590E5A13-58BD-4141-BEC2-330DAE067C75}.Release|Any CPU.Build.0 = Release|Any CPU
	EndGlobalSection
	GlobalSection(SolutionProperties) = preSolution
		HideSolutionNode = FALSE
	EndGlobalSection
	GlobalSection(ExtensibilityGlobals) = postSolution
		SolutionGuid = {34B55B96-76A3-41B7-98C6-F489465655DB}
	EndGlobalSection
EndGlobal
